// !$*UTF8*$!
{
	archiveVersion = 1;
	classes = {
	};
	objectVersion = 46;
	objects = {

/* Begin PBXBuildFile section */
		462CBC2F1E009FDD00F272A6 /* AppDelegate.swift in Sources */ = {isa = PBXBuildFile; fileRef = 462CBC2E1E009FDD00F272A6 /* AppDelegate.swift */; };
		462CBC311E009FDD00F272A6 /* ViewController.swift in Sources */ = {isa = PBXBuildFile; fileRef = 462CBC301E009FDD00F272A6 /* ViewController.swift */; };
		462CBC341E009FDD00F272A6 /* Main.storyboard in Resources */ = {isa = PBXBuildFile; fileRef = 462CBC321E009FDD00F272A6 /* Main.storyboard */; };
		462CBC361E009FDD00F272A6 /* Assets.xcassets in Resources */ = {isa = PBXBuildFile; fileRef = 462CBC351E009FDD00F272A6 /* Assets.xcassets */; };
		462CBC391E009FDD00F272A6 /* LaunchScreen.storyboard in Resources */ = {isa = PBXBuildFile; fileRef = 462CBC371E009FDD00F272A6 /* LaunchScreen.storyboard */; };
		462CBC441E009FDD00F272A6 /* CertificadoTests.swift in Sources */ = {isa = PBXBuildFile; fileRef = 462CBC431E009FDD00F272A6 /* CertificadoTests.swift */; };
		462CBC4F1E009FDD00F272A6 /* CertificadoUITests.swift in Sources */ = {isa = PBXBuildFile; fileRef = 462CBC4E1E009FDD00F272A6 /* CertificadoUITests.swift */; };
		462CBC5E1E00A06500F272A6 /* WebKit.framework in Frameworks */ = {isa = PBXBuildFile; fileRef = 462CBC5D1E00A06500F272A6 /* WebKit.framework */; };
		46F69D9E1E01C8FE00FE4F16 /* Security.framework in Frameworks */ = {isa = PBXBuildFile; fileRef = 46F69D9D1E01C8FE00FE4F16 /* Security.framework */; };
/* End PBXBuildFile section */

/* Begin PBXContainerItemProxy section */
		462CBC401E009FDD00F272A6 /* PBXContainerItemProxy */ = {
			isa = PBXContainerItemProxy;
			containerPortal = 462CBC231E009FDD00F272A6 /* Project object */;
			proxyType = 1;
			remoteGlobalIDString = 462CBC2A1E009FDD00F272A6;
			remoteInfo = Certificado;
		};
		462CBC4B1E009FDD00F272A6 /* PBXContainerItemProxy */ = {
			isa = PBXContainerItemProxy;
			containerPortal = 462CBC231E009FDD00F272A6 /* Project object */;
			proxyType = 1;
			remoteGlobalIDString = 462CBC2A1E009FDD00F272A6;
			remoteInfo = Certificado;
		};
/* End PBXContainerItemProxy section */

/* Begin PBXFileReference section */
		462CBC2B1E009FDD00F272A6 /* Certificado.app */ = {isa = PBXFileReference; explicitFileType = wrapper.application; includeInIndex = 0; path = Certificado.app; sourceTree = BUILT_PRODUCTS_DIR; };
		462CBC2E1E009FDD00F272A6 /* AppDelegate.swift */ = {isa = PBXFileReference; lastKnownFileType = sourcecode.swift; path = AppDelegate.swift; sourceTree = "<group>"; };
		462CBC301E009FDD00F272A6 /* ViewController.swift */ = {isa = PBXFileReference; lastKnownFileType = sourcecode.swift; path = ViewController.swift; sourceTree = "<group>"; };
		462CBC331E009FDD00F272A6 /* Base */ = {isa = PBXFileReference; lastKnownFileType = file.storyboard; name = Base; path = Base.lproj/Main.storyboard; sourceTree = "<group>"; };
		462CBC351E009FDD00F272A6 /* Assets.xcassets */ = {isa = PBXFileReference; lastKnownFileType = folder.assetcatalog; path = Assets.xcassets; sourceTree = "<group>"; };
		462CBC381E009FDD00F272A6 /* Base */ = {isa = PBXFileReference; lastKnownFileType = file.storyboard; name = Base; path = Base.lproj/LaunchScreen.storyboard; sourceTree = "<group>"; };
		462CBC3A1E009FDD00F272A6 /* Info.plist */ = {isa = PBXFileReference; lastKnownFileType = text.plist.xml; path = Info.plist; sourceTree = "<group>"; };
		462CBC3F1E009FDD00F272A6 /* CertificadoTests.xctest */ = {isa = PBXFileReference; explicitFileType = wrapper.cfbundle; includeInIndex = 0; path = CertificadoTests.xctest; sourceTree = BUILT_PRODUCTS_DIR; };
		462CBC431E009FDD00F272A6 /* CertificadoTests.swift */ = {isa = PBXFileReference; lastKnownFileType = sourcecode.swift; path = CertificadoTests.swift; sourceTree = "<group>"; };
		462CBC451E009FDD00F272A6 /* Info.plist */ = {isa = PBXFileReference; lastKnownFileType = text.plist.xml; path = Info.plist; sourceTree = "<group>"; };
		462CBC4A1E009FDD00F272A6 /* CertificadoUITests.xctest */ = {isa = PBXFileReference; explicitFileType = wrapper.cfbundle; includeInIndex = 0; path = CertificadoUITests.xctest; sourceTree = BUILT_PRODUCTS_DIR; };
		462CBC4E1E009FDD00F272A6 /* CertificadoUITests.swift */ = {isa = PBXFileReference; lastKnownFileType = sourcecode.swift; path = CertificadoUITests.swift; sourceTree = "<group>"; };
		462CBC501E009FDD00F272A6 /* Info.plist */ = {isa = PBXFileReference; lastKnownFileType = text.plist.xml; path = Info.plist; sourceTree = "<group>"; };
		462CBC5D1E00A06500F272A6 /* WebKit.framework */ = {isa = PBXFileReference; lastKnownFileType = wrapper.framework; name = WebKit.framework; path = System/Library/Frameworks/WebKit.framework; sourceTree = SDKROOT; };
		46F69D9D1E01C8FE00FE4F16 /* Security.framework */ = {isa = PBXFileReference; lastKnownFileType = wrapper.framework; name = Security.framework; path = System/Library/Frameworks/Security.framework; sourceTree = SDKROOT; };
/* End PBXFileReference section */

/* Begin PBXFrameworksBuildPhase section */
		462CBC281E009FDD00F272A6 /* Frameworks */ = {
			isa = PBXFrameworksBuildPhase;
			buildActionMask = 2147483647;
			files = (
				46F69D9E1E01C8FE00FE4F16 /* Security.framework in Frameworks */,
				462CBC5E1E00A06500F272A6 /* WebKit.framework in Frameworks */,
			);
			runOnlyForDeploymentPostprocessing = 0;
		};
		462CBC3C1E009FDD00F272A6 /* Frameworks */ = {
			isa = PBXFrameworksBuildPhase;
			buildActionMask = 2147483647;
			files = (
			);
			runOnlyForDeploymentPostprocessing = 0;
		};
		462CBC471E009FDD00F272A6 /* Frameworks */ = {
			isa = PBXFrameworksBuildPhase;
			buildActionMask = 2147483647;
			files = (
			);
			runOnlyForDeploymentPostprocessing = 0;
		};
/* End PBXFrameworksBuildPhase section */

/* Begin PBXGroup section */
		462CBC221E009FDD00F272A6 = {
			isa = PBXGroup;
			children = (
				462CBC2D1E009FDD00F272A6 /* Certificado */,
				462CBC421E009FDD00F272A6 /* CertificadoTests */,
				462CBC4D1E009FDD00F272A6 /* CertificadoUITests */,
				462CBC2C1E009FDD00F272A6 /* Products */,
				462CBC5C1E00A06500F272A6 /* Frameworks */,
			);
			sourceTree = "<group>";
		};
		462CBC2C1E009FDD00F272A6 /* Products */ = {
			isa = PBXGroup;
			children = (
				462CBC2B1E009FDD00F272A6 /* Certificado.app */,
				462CBC3F1E009FDD00F272A6 /* CertificadoTests.xctest */,
				462CBC4A1E009FDD00F272A6 /* CertificadoUITests.xctest */,
			);
			name = Products;
			sourceTree = "<group>";
		};
		462CBC2D1E009FDD00F272A6 /* Certificado */ = {
			isa = PBXGroup;
			children = (
				462CBC2E1E009FDD00F272A6 /* AppDelegate.swift */,
				462CBC301E009FDD00F272A6 /* ViewController.swift */,
				462CBC321E009FDD00F272A6 /* Main.storyboard */,
				462CBC351E009FDD00F272A6 /* Assets.xcassets */,
				462CBC371E009FDD00F272A6 /* LaunchScreen.storyboard */,
				462CBC3A1E009FDD00F272A6 /* Info.plist */,
			);
			path = Certificado;
			sourceTree = "<group>";
		};
		462CBC421E009FDD00F272A6 /* CertificadoTests */ = {
			isa = PBXGroup;
			children = (
				462CBC431E009FDD00F272A6 /* CertificadoTests.swift */,
				462CBC451E009FDD00F272A6 /* Info.plist */,
			);
			path = CertificadoTests;
			sourceTree = "<group>";
		};
		462CBC4D1E009FDD00F272A6 /* CertificadoUITests */ = {
			isa = PBXGroup;
			children = (
				462CBC4E1E009FDD00F272A6 /* CertificadoUITests.swift */,
				462CBC501E009FDD00F272A6 /* Info.plist */,
			);
			path = CertificadoUITests;
			sourceTree = "<group>";
		};
		462CBC5C1E00A06500F272A6 /* Frameworks */ = {
			isa = PBXGroup;
			children = (
				46F69D9D1E01C8FE00FE4F16 /* Security.framework */,
				462CBC5D1E00A06500F272A6 /* WebKit.framework */,
			);
			name = Frameworks;
			sourceTree = "<group>";
		};
/* End PBXGroup section */

/* Begin PBXNativeTarget section */
		462CBC2A1E009FDD00F272A6 /* Certificado */ = {
			isa = PBXNativeTarget;
			buildConfigurationList = 462CBC531E009FDD00F272A6 /* Build configuration list for PBXNativeTarget "Certificado" */;
			buildPhases = (
				462CBC271E009FDD00F272A6 /* Sources */,
				462CBC281E009FDD00F272A6 /* Frameworks */,
				462CBC291E009FDD00F272A6 /* Resources */,
			);
			buildRules = (
			);
			dependencies = (
			);
			name = Certificado;
			productName = Certificado;
			productReference = 462CBC2B1E009FDD00F272A6 /* Certificado.app */;
			productType = "com.apple.product-type.application";
		};
		462CBC3E1E009FDD00F272A6 /* CertificadoTests */ = {
			isa = PBXNativeTarget;
			buildConfigurationList = 462CBC561E009FDD00F272A6 /* Build configuration list for PBXNativeTarget "CertificadoTests" */;
			buildPhases = (
				462CBC3B1E009FDD00F272A6 /* Sources */,
				462CBC3C1E009FDD00F272A6 /* Frameworks */,
				462CBC3D1E009FDD00F272A6 /* Resources */,
			);
			buildRules = (
			);
			dependencies = (
				462CBC411E009FDD00F272A6 /* PBXTargetDependency */,
			);
			name = CertificadoTests;
			productName = CertificadoTests;
			productReference = 462CBC3F1E009FDD00F272A6 /* CertificadoTests.xctest */;
			productType = "com.apple.product-type.bundle.unit-test";
		};
		462CBC491E009FDD00F272A6 /* CertificadoUITests */ = {
			isa = PBXNativeTarget;
			buildConfigurationList = 462CBC591E009FDD00F272A6 /* Build configuration list for PBXNativeTarget "CertificadoUITests" */;
			buildPhases = (
				462CBC461E009FDD00F272A6 /* Sources */,
				462CBC471E009FDD00F272A6 /* Frameworks */,
				462CBC481E009FDD00F272A6 /* Resources */,
			);
			buildRules = (
			);
			dependencies = (
				462CBC4C1E009FDD00F272A6 /* PBXTargetDependency */,
			);
			name = CertificadoUITests;
			productName = CertificadoUITests;
			productReference = 462CBC4A1E009FDD00F272A6 /* CertificadoUITests.xctest */;
			productType = "com.apple.product-type.bundle.ui-testing";
		};
/* End PBXNativeTarget section */

/* Begin PBXProject section */
		462CBC231E009FDD00F272A6 /* Project object */ = {
			isa = PBXProject;
			attributes = {
				LastSwiftUpdateCheck = 0810;
				LastUpgradeCheck = 0810;
				ORGANIZATIONNAME = "Ricardo Montesinos Fernandez";
				TargetAttributes = {
					462CBC2A1E009FDD00F272A6 = {
						CreatedOnToolsVersion = 8.1;
						ProvisioningStyle = Automatic;
					};
					462CBC3E1E009FDD00F272A6 = {
						CreatedOnToolsVersion = 8.1;
						ProvisioningStyle = Automatic;
						TestTargetID = 462CBC2A1E009FDD00F272A6;
					};
					462CBC491E009FDD00F272A6 = {
						CreatedOnToolsVersion = 8.1;
						ProvisioningStyle = Automatic;
						TestTargetID = 462CBC2A1E009FDD00F272A6;
					};
				};
			};
			buildConfigurationList = 462CBC261E009FDD00F272A6 /* Build configuration list for PBXProject "Certificado" */;
			compatibilityVersion = "Xcode 3.2";
			developmentRegion = English;
			hasScannedForEncodings = 0;
			knownRegions = (
				en,
				Base,
			);
			mainGroup = 462CBC221E009FDD00F272A6;
			productRefGroup = 462CBC2C1E009FDD00F272A6 /* Products */;
			projectDirPath = "";
			projectRoot = "";
			targets = (
				462CBC2A1E009FDD00F272A6 /* Certificado */,
				462CBC3E1E009FDD00F272A6 /* CertificadoTests */,
				462CBC491E009FDD00F272A6 /* CertificadoUITests */,
			);
		};
/* End PBXProject section */

/* Begin PBXResourcesBuildPhase section */
		462CBC291E009FDD00F272A6 /* Resources */ = {
			isa = PBXResourcesBuildPhase;
			buildActionMask = 2147483647;
			files = (
				462CBC391E009FDD00F272A6 /* LaunchScreen.storyboard in Resources */,
				462CBC361E009FDD00F272A6 /* Assets.xcassets in Resources */,
				462CBC341E009FDD00F272A6 /* Main.storyboard in Resources */,
			);
			runOnlyForDeploymentPostprocessing = 0;
		};
		462CBC3D1E009FDD00F272A6 /* Resources */ = {
			isa = PBXResourcesBuildPhase;
			buildActionMask = 2147483647;
			files = (
			);
			runOnlyForDeploymentPostprocessing = 0;
		};
		462CBC481E009FDD00F272A6 /* Resources */ = {
			isa = PBXResourcesBuildPhase;
			buildActionMask = 2147483647;
			files = (
			);
			runOnlyForDeploymentPostprocessing = 0;
		};
/* End PBXResourcesBuildPhase section */

/* Begin PBXSourcesBuildPhase section */
		462CBC271E009FDD00F272A6 /* Sources */ = {
			isa = PBXSourcesBuildPhase;
			buildActionMask = 2147483647;
			files = (
				462CBC311E009FDD00F272A6 /* ViewController.swift in Sources */,
				462CBC2F1E009FDD00F272A6 /* AppDelegate.swift in Sources */,
			);
			runOnlyForDeploymentPostprocessing = 0;
		};
		462CBC3B1E009FDD00F272A6 /* Sources */ = {
			isa = PBXSourcesBuildPhase;
			buildActionMask = 2147483647;
			files = (
				462CBC441E009FDD00F272A6 /* CertificadoTests.swift in Sources */,
			);
			runOnlyForDeploymentPostprocessing = 0;
		};
		462CBC461E009FDD00F272A6 /* Sources */ = {
			isa = PBXSourcesBuildPhase;
			buildActionMask = 2147483647;
			files = (
				462CBC4F1E009FDD00F272A6 /* CertificadoUITests.swift in Sources */,
			);
			runOnlyForDeploymentPostprocessing = 0;
		};
/* End PBXSourcesBuildPhase section */

/* Begin PBXTargetDependency section */
		462CBC411E009FDD00F272A6 /* PBXTargetDependency */ = {
			isa = PBXTargetDependency;
			target = 462CBC2A1E009FDD00F272A6 /* Certificado */;
			targetProxy = 462CBC401E009FDD00F272A6 /* PBXContainerItemProxy */;
		};
		462CBC4C1E009FDD00F272A6 /* PBXTargetDependency */ = {
			isa = PBXTargetDependency;
			target = 462CBC2A1E009FDD00F272A6 /* Certificado */;
			targetProxy = 462CBC4B1E009FDD00F272A6 /* PBXContainerItemProxy */;
		};
/* End PBXTargetDependency section */

/* Begin PBXVariantGroup section */
		462CBC321E009FDD00F272A6 /* Main.storyboard */ = {
			isa = PBXVariantGroup;
			children = (
				462CBC331E009FDD00F272A6 /* Base */,
			);
			name = Main.storyboard;
			sourceTree = "<group>";
		};
		462CBC371E009FDD00F272A6 /* LaunchScreen.storyboard */ = {
			isa = PBXVariantGroup;
			children = (
				462CBC381E009FDD00F272A6 /* Base */,
			);
			name = LaunchScreen.storyboard;
			sourceTree = "<group>";
		};
/* End PBXVariantGroup section */

/* Begin XCBuildConfiguration section */
		462CBC511E009FDD00F272A6 /* Debug */ = {
			isa = XCBuildConfiguration;
			buildSettings = {
				ALWAYS_SEARCH_USER_PATHS = NO;
				CLANG_ANALYZER_NONNULL = YES;
				CLANG_CXX_LANGUAGE_STANDARD = "gnu++0x";
				CLANG_CXX_LIBRARY = "libc++";
				CLANG_ENABLE_MODULES = YES;
				CLANG_ENABLE_OBJC_ARC = YES;
				CLANG_WARN_BOOL_CONVERSION = YES;
				CLANG_WARN_CONSTANT_CONVERSION = YES;
				CLANG_WARN_DIRECT_OBJC_ISA_USAGE = YES_ERROR;
				CLANG_WARN_DOCUMENTATION_COMMENTS = YES;
				CLANG_WARN_EMPTY_BODY = YES;
				CLANG_WARN_ENUM_CONVERSION = YES;
				CLANG_WARN_INFINITE_RECURSION = YES;
				CLANG_WARN_INT_CONVERSION = YES;
				CLANG_WARN_OBJC_ROOT_CLASS = YES_ERROR;
				CLANG_WARN_SUSPICIOUS_MOVES = YES;
				CLANG_WARN_UNREACHABLE_CODE = YES;
				CLANG_WARN__DUPLICATE_METHOD_MATCH = YES;
				"CODE_SIGN_IDENTITY[sdk=iphoneos*]" = "iPhone Developer";
				COPY_PHASE_STRIP = NO;
				DEBUG_INFORMATION_FORMAT = dwarf;
				ENABLE_STRICT_OBJC_MSGSEND = YES;
				ENABLE_TESTABILITY = YES;
				GCC_C_LANGUAGE_STANDARD = gnu99;
				GCC_DYNAMIC_NO_PIC = NO;
				GCC_NO_COMMON_BLOCKS = YES;
				GCC_OPTIMIZATION_LEVEL = 0;
				GCC_PREPROCESSOR_DEFINITIONS = (
					"DEBUG=1",
					"$(inherited)",
				);
				GCC_WARN_64_TO_32_BIT_CONVERSION = YES;
				GCC_WARN_ABOUT_RETURN_TYPE = YES_ERROR;
				GCC_WARN_UNDECLARED_SELECTOR = YES;
				GCC_WARN_UNINITIALIZED_AUTOS = YES_AGGRESSIVE;
				GCC_WARN_UNUSED_FUNCTION = YES;
				GCC_WARN_UNUSED_VARIABLE = YES;
				IPHONEOS_DEPLOYMENT_TARGET = 10.1;
				MTL_ENABLE_DEBUG_INFO = YES;
				ONLY_ACTIVE_ARCH = YES;
				SDKROOT = iphoneos;
				SWIFT_ACTIVE_COMPILATION_CONDITIONS = DEBUG;
				SWIFT_OPTIMIZATION_LEVEL = "-Onone";
				TARGETED_DEVICE_FAMILY = "1,2";
			};
			name = Debug;
		};
		462CBC521E009FDD00F272A6 /* Release */ = {
			isa = XCBuildConfiguration;
			buildSettings = {
				ALWAYS_SEARCH_USER_PATHS = NO;
				CLANG_ANALYZER_NONNULL = YES;
				CLANG_CXX_LANGUAGE_STANDARD = "gnu++0x";
				CLANG_CXX_LIBRARY = "libc++";
				CLANG_ENABLE_MODULES = YES;
				CLANG_ENABLE_OBJC_ARC = YES;
				CLANG_WARN_BOOL_CONVERSION = YES;
				CLANG_WARN_CONSTANT_CONVERSION = YES;
				CLANG_WARN_DIRECT_OBJC_ISA_USAGE = YES_ERROR;
				CLANG_WARN_DOCUMENTATION_COMMENTS = YES;
				CLANG_WARN_EMPTY_BODY = YES;
				CLANG_WARN_ENUM_CONVERSION = YES;
				CLANG_WARN_INFINITE_RECURSION = YES;
				CLANG_WARN_INT_CONVERSION = YES;
				CLANG_WARN_OBJC_ROOT_CLASS = YES_ERROR;
				CLANG_WARN_SUSPICIOUS_MOVES = YES;
				CLANG_WARN_UNREACHABLE_CODE = YES;
				CLANG_WARN__DUPLICATE_METHOD_MATCH = YES;
				"CODE_SIGN_IDENTITY[sdk=iphoneos*]" = "iPhone Developer";
				COPY_PHASE_STRIP = NO;
				DEBUG_INFORMATION_FORMAT = "dwarf-with-dsym";
				ENABLE_NS_ASSERTIONS = NO;
				ENABLE_STRICT_OBJC_MSGSEND = YES;
				GCC_C_LANGUAGE_STANDARD = gnu99;
				GCC_NO_COMMON_BLOCKS = YES;
				GCC_WARN_64_TO_32_BIT_CONVERSION = YES;
				GCC_WARN_ABOUT_RETURN_TYPE = YES_ERROR;
				GCC_WARN_UNDECLARED_SELECTOR = YES;
				GCC_WARN_UNINITIALIZED_AUTOS = YES_AGGRESSIVE;
				GCC_WARN_UNUSED_FUNCTION = YES;
				GCC_WARN_UNUSED_VARIABLE = YES;
				IPHONEOS_DEPLOYMENT_TARGET = 10.1;
				MTL_ENABLE_DEBUG_INFO = NO;
				SDKROOT = iphoneos;
				SWIFT_OPTIMIZATION_LEVEL = "-Owholemodule";
				TARGETED_DEVICE_FAMILY = "1,2";
				VALIDATE_PRODUCT = YES;
			};
			name = Release;
		};
		462CBC541E009FDD00F272A6 /* Debug */ = {
			isa = XCBuildConfiguration;
			buildSettings = {
				ASSETCATALOG_COMPILER_APPICON_NAME = AppIcon;
				INFOPLIST_FILE = Certificado/Info.plist;
				IPHONEOS_DEPLOYMENT_TARGET = 9.0;
				LD_RUNPATH_SEARCH_PATHS = "$(inherited) @executable_path/Frameworks";
				PRODUCT_BUNDLE_IDENTIFIER = com.richie.Certificado;
				PRODUCT_NAME = "$(TARGET_NAME)";
				SWIFT_VERSION = 3.0;
			};
			name = Debug;
		};
		462CBC551E009FDD00F272A6 /* Release */ = {
			isa = XCBuildConfiguration;
			buildSettings = {
				ASSETCATALOG_COMPILER_APPICON_NAME = AppIcon;
				INFOPLIST_FILE = Certificado/Info.plist;
				IPHONEOS_DEPLOYMENT_TARGET = 9.0;
				LD_RUNPATH_SEARCH_PATHS = "$(inherited) @executable_path/Frameworks";
				PRODUCT_BUNDLE_IDENTIFIER = com.richie.Certificado;
				PRODUCT_NAME = "$(TARGET_NAME)";
				SWIFT_VERSION = 3.0;
			};
			name = Release;
		};
		462CBC571E009FDD00F272A6 /* Debug */ = {
			isa = XCBuildConfiguration;
			buildSettings = {
				ALWAYS_EMBED_SWIFT_STANDARD_LIBRARIES = YES;
				BUNDLE_LOADER = "$(TEST_HOST)";
				INFOPLIST_FILE = CertificadoTests/Info.plist;
				LD_RUNPATH_SEARCH_PATHS = "$(inherited) @executable_path/Frameworks @loader_path/Frameworks";
				PRODUCT_BUNDLE_IDENTIFIER = com.richie.CertificadoTests;
				PRODUCT_NAME = "$(TARGET_NAME)";
				SWIFT_VERSION = 3.0;
				TEST_HOST = "$(BUILT_PRODUCTS_DIR)/Certificado.app/Certificado";
			};
			name = Debug;
		};
		462CBC581E009FDD00F272A6 /* Release */ = {
			isa = XCBuildConfiguration;
			buildSettings = {
				ALWAYS_EMBED_SWIFT_STANDARD_LIBRARIES = YES;
				BUNDLE_LOADER = "$(TEST_HOST)";
				INFOPLIST_FILE = CertificadoTests/Info.plist;
				LD_RUNPATH_SEARCH_PATHS = "$(inherited) @executable_path/Frameworks @loader_path/Frameworks";
				PRODUCT_BUNDLE_IDENTIFIER = com.richie.CertificadoTests;
				PRODUCT_NAME = "$(TARGET_NAME)";
				SWIFT_VERSION = 3.0;
				TEST_HOST = "$(BUILT_PRODUCTS_DIR)/Certificado.app/Certificado";
			};
			name = Release;
		};
		462CBC5A1E009FDD00F272A6 /* Debug */ = {
			isa = XCBuildConfiguration;
			buildSettings = {
				ALWAYS_EMBED_SWIFT_STANDARD_LIBRARIES = YES;
				INFOPLIST_FILE = CertificadoUITests/Info.plist;
				LD_RUNPATH_SEARCH_PATHS = "$(inherited) @executable_path/Frameworks @loader_path/Frameworks";
				PRODUCT_BUNDLE_IDENTIFIER = com.richie.CertificadoUITests;
				PRODUCT_NAME = "$(TARGET_NAME)";
				SWIFT_VERSION = 3.0;
				TEST_TARGET_NAME = Certificado;
			};
			name = Debug;
		};
		462CBC5B1E009FDD00F272A6 /* Release */ = {
			isa = XCBuildConfiguration;
			buildSettings = {
				ALWAYS_EMBED_SWIFT_STANDARD_LIBRARIES = YES;
				INFOPLIST_FILE = CertificadoUITests/Info.plist;
				LD_RUNPATH_SEARCH_PATHS = "$(inherited) @executable_path/Frameworks @loader_path/Frameworks";
				PRODUCT_BUNDLE_IDENTIFIER = com.richie.CertificadoUITests;
				PRODUCT_NAME = "$(TARGET_NAME)";
				SWIFT_VERSION = 3.0;
				TEST_TARGET_NAME = Certificado;
			};
			name = Release;
		};
/* End XCBuildConfiguration section */

/* Begin XCConfigurationList section */
		462CBC261E009FDD00F272A6 /* Build configuration list for PBXProject "Certificado" */ = {
			isa = XCConfigurationList;
			buildConfigurations = (
				462CBC511E009FDD00F272A6 /* Debug */,
				462CBC521E009FDD00F272A6 /* Release */,
			);
			defaultConfigurationIsVisible = 0;
			defaultConfigurationName = Release;
		};
		462CBC531E009FDD00F272A6 /* Build configuration list for PBXNativeTarget "Certificado" */ = {
			isa = XCConfigurationList;
			buildConfigurations = (
				462CBC541E009FDD00F272A6 /* Debug */,
				462CBC551E009FDD00F272A6 /* Release */,
			);
			defaultConfigurationIsVisible = 0;
			defaultConfigurationName = Release;
		};
		462CBC561E009FDD00F272A6 /* Build configuration list for PBXNativeTarget "CertificadoTests" */ = {
			isa = XCConfigurationList;
			buildConfigurations = (
				462CBC571E009FDD00F272A6 /* Debug */,
				462CBC581E009FDD00F272A6 /* Release */,
			);
			defaultConfigurationIsVisible = 0;
			defaultConfigurationName = Release;
		};
		462CBC591E009FDD00F272A6 /* Build configuration list for PBXNativeTarget "CertificadoUITests" */ = {
			isa = XCConfigurationList;
			buildConfigurations = (
				462CBC5A1E009FDD00F272A6 /* Debug */,
				462CBC5B1E009FDD00F272A6 /* Release */,
			);
			defaultConfigurationIsVisible = 0;
			defaultConfigurationName = Release;
		};
/* End XCConfigurationList section */
	};
	rootObject = 462CBC231E009FDD00F272A6 /* Project object */;
}
